
Microsoft Visual Studio Solution File, Format Version 12.00
# Visual Studio Version 17
VisualStudioVersion = 17.10.35013.160
MinimumVisualStudioVersion = 10.0.40219.1
Project("{9A19103F-16F7-4668-BE54-9A1E7A4F7556}") = "Proyecto", "Proyecto\Proyecto.csproj", "{441C74D5-83AD-4703-94F3-813BECB1749A}"
EndProject
Project("{FAE04EC0-301F-11D3-BF4B-00C04F79EFBC}") = "WebApi", "WebApi\WebApi.csproj", "{1E75C48E-7B28-4714-B00A-1828F03871BD}"
EndProject
Global
	GlobalSection(SolutionConfigurationPlatforms) = preSolution
		Debug|Any CPU = Debug|Any CPU
		Release|Any CPU = Release|Any CPU
	EndGlobalSection
	GlobalSection(ProjectConfigurationPlatforms) = postSolution
		{441C74D5-83AD-4703-94F3-813BECB1749A}.Debug|Any CPU.ActiveCfg = Debug|Any CPU
		{441C74D5-83AD-4703-94F3-813BECB1749A}.Debug|Any CPU.Build.0 = Debug|Any CPU
		{441C74D5-83AD-4703-94F3-813BECB1749A}.Debug|Any CPU.Deploy.0 = Debug|Any CPU
		{441C74D5-83AD-4703-94F3-813BECB1749A}.Release|Any CPU.ActiveCfg = Release|Any CPU
		{441C74D5-83AD-4703-94F3-813BECB1749A}.Release|Any CPU.Build.0 = Release|Any CPU
		{441C74D5-83AD-4703-94F3-813BECB1749A}.Release|Any CPU.Deploy.0 = Release|Any CPU
		{1E75C48E-7B28-4714-B00A-1828F03871BD}.Debug|Any CPU.ActiveCfg = Debug|Any CPU
		{1E75C48E-7B28-4714-B00A-1828F03871BD}.Debug|Any CPU.Build.0 = Debug|Any CPU
		{1E75C48E-7B28-4714-B00A-1828F03871BD}.Release|Any CPU.ActiveCfg = Release|Any CPU
		{1E75C48E-7B28-4714-B00A-1828F03871BD}.Release|Any CPU.Build.0 = Release|Any CPU
	EndGlobalSection
	GlobalSection(SolutionProperties) = preSolution
		HideSolutionNode = FALSE
	EndGlobalSection
	GlobalSection(ExtensibilityGlobals) = postSolution
		SolutionGuid = {5C89465E-C45F-4C02-B513-ED0EE9C1BF02}
	EndGlobalSection
EndGlobal
